
Microsoft Visual Studio Solution File, Format Version 12.00
# Visual Studio Version 17
VisualStudioVersion = 17.7.34031.279
MinimumVisualStudioVersion = 10.0.40219.1
Project("{FAE04EC0-301F-11D3-BF4B-00C04F79EFBC}") = "SportProduct", "SportProduct\SportProduct.csproj", "{48FFF297-3854-4585-A6E2-B6287B581535}"
EndProject
Global
	GlobalSection(SolutionConfigurationPlatforms) = preSolution
		Debug|Any CPU = Debug|Any CPU
		Release|Any CPU = Release|Any CPU
	EndGlobalSection
	GlobalSection(ProjectConfigurationPlatforms) = postSolution
		{48FFF297-3854-4585-A6E2-B6287B581535}.Debug|Any CPU.ActiveCfg = Debug|Any CPU
		{48FFF297-3854-4585-A6E2-B6287B581535}.Debug|Any CPU.Build.0 = Debug|Any CPU
		{48FFF297-3854-4585-A6E2-B6287B581535}.Release|Any CPU.ActiveCfg = Release|Any CPU
		{48FFF297-3854-4585-A6E2-B6287B581535}.Release|Any CPU.Build.0 = Release|Any CPU
	EndGlobalSection
	GlobalSection(SolutionProperties) = preSolution
		HideSolutionNode = FALSE
	EndGlobalSection
	GlobalSection(ExtensibilityGlobals) = postSolution
		SolutionGuid = {F6803565-97D6-43C8-9AF7-302AA52FB7B0}
	EndGlobalSection
EndGlobal
